
Microsoft Visual Studio Solution File, Format Version 12.00
# Visual Studio Version 17
VisualStudioVersion = 17.11.35327.3
MinimumVisualStudioVersion = 10.0.40219.1
Project("{FAE04EC0-301F-11D3-BF4B-00C04F79EFBC}") = "BTechnicalQuestion.Form", "BTechnicalQuestion\BTechnicalQuestion.Form.csproj", "{F3717363-773A-4B2C-B837-8D1FF2C0E19B}"
EndProject
Project("{FAE04EC0-301F-11D3-BF4B-00C04F79EFBC}") = "BTechnicalQuestion.Core", "BTechnicalQuestion.Core\BTechnicalQuestion.Core.csproj", "{17F8041A-765A-4CFA-8B2C-61B007239F49}"
EndProject
Project("{FAE04EC0-301F-11D3-BF4B-00C04F79EFBC}") = "BTechnicalQuestion.Test", "BTechnicalQuestion.Test\BTechnicalQuestion.Test.csproj", "{D8E27C04-C3C5-4EBB-B618-27083308C93F}"
EndProject
Global
	GlobalSection(SolutionConfigurationPlatforms) = preSolution
		Debug|Any CPU = Debug|Any CPU
		Release|Any CPU = Release|Any CPU
	EndGlobalSection
	GlobalSection(ProjectConfigurationPlatforms) = postSolution
		{F3717363-773A-4B2C-B837-8D1FF2C0E19B}.Debug|Any CPU.ActiveCfg = Debug|Any CPU
		{F3717363-773A-4B2C-B837-8D1FF2C0E19B}.Debug|Any CPU.Build.0 = Debug|Any CPU
		{F3717363-773A-4B2C-B837-8D1FF2C0E19B}.Release|Any CPU.ActiveCfg = Release|Any CPU
		{F3717363-773A-4B2C-B837-8D1FF2C0E19B}.Release|Any CPU.Build.0 = Release|Any CPU
		{17F8041A-765A-4CFA-8B2C-61B007239F49}.Debug|Any CPU.ActiveCfg = Debug|Any CPU
		{17F8041A-765A-4CFA-8B2C-61B007239F49}.Debug|Any CPU.Build.0 = Debug|Any CPU
		{17F8041A-765A-4CFA-8B2C-61B007239F49}.Release|Any CPU.ActiveCfg = Release|Any CPU
		{17F8041A-765A-4CFA-8B2C-61B007239F49}.Release|Any CPU.Build.0 = Release|Any CPU
		{D8E27C04-C3C5-4EBB-B618-27083308C93F}.Debug|Any CPU.ActiveCfg = Debug|Any CPU
		{D8E27C04-C3C5-4EBB-B618-27083308C93F}.Debug|Any CPU.Build.0 = Debug|Any CPU
		{D8E27C04-C3C5-4EBB-B618-27083308C93F}.Release|Any CPU.ActiveCfg = Release|Any CPU
		{D8E27C04-C3C5-4EBB-B618-27083308C93F}.Release|Any CPU.Build.0 = Release|Any CPU
	EndGlobalSection
	GlobalSection(SolutionProperties) = preSolution
		HideSolutionNode = FALSE
	EndGlobalSection
	GlobalSection(ExtensibilityGlobals) = postSolution
		SolutionGuid = {B5945194-A15A-458A-9364-BCD8565C2F71}
	EndGlobalSection
EndGlobal
